// !$*UTF8*$!
{
	archiveVersion = 1;
	classes = {
	};
	objectVersion = 55;
	objects = {

/* Begin PBXBuildFile section */
		A478BBD1285E691F00E43F45 /* LandmarksApp.swift in Sources */ = {isa = PBXBuildFile; fileRef = A478BBD0285E691F00E43F45 /* LandmarksApp.swift */; };
		A478BBD3285E691F00E43F45 /* ContentView.swift in Sources */ = {isa = PBXBuildFile; fileRef = A478BBD2285E691F00E43F45 /* ContentView.swift */; };
		A478BBD5285E691F00E43F45 /* Assets.xcassets in Resources */ = {isa = PBXBuildFile; fileRef = A478BBD4285E691F00E43F45 /* Assets.xcassets */; };
		A478BBD8285E691F00E43F45 /* Preview Assets.xcassets in Resources */ = {isa = PBXBuildFile; fileRef = A478BBD7285E691F00E43F45 /* Preview Assets.xcassets */; };
		A478BBE2285E691F00E43F45 /* LandmarksTests.swift in Sources */ = {isa = PBXBuildFile; fileRef = A478BBE1285E691F00E43F45 /* LandmarksTests.swift */; };
		A478BBEC285E692000E43F45 /* LandmarksUITests.swift in Sources */ = {isa = PBXBuildFile; fileRef = A478BBEB285E692000E43F45 /* LandmarksUITests.swift */; };
		A478BBEE285E692000E43F45 /* LandmarksUITestsLaunchTests.swift in Sources */ = {isa = PBXBuildFile; fileRef = A478BBED285E692000E43F45 /* LandmarksUITestsLaunchTests.swift */; };
		A478BBFB285E724A00E43F45 /* CircleImage.swift in Sources */ = {isa = PBXBuildFile; fileRef = A478BBFA285E724A00E43F45 /* CircleImage.swift */; };
		A478BBFD285E740900E43F45 /* MapView.swift in Sources */ = {isa = PBXBuildFile; fileRef = A478BBFC285E740900E43F45 /* MapView.swift */; };
		A479D2F72860BB6A000D4868 /* HexagonParameters.swift in Sources */ = {isa = PBXBuildFile; fileRef = A479D2F62860BB6A000D4868 /* HexagonParameters.swift */; };
		A479D2F92860BDA5000D4868 /* BadgeBackground.swift in Sources */ = {isa = PBXBuildFile; fileRef = A479D2F82860BDA5000D4868 /* BadgeBackground.swift */; };
		A479D2FB2860C305000D4868 /* BadgeSymbol.swift in Sources */ = {isa = PBXBuildFile; fileRef = A479D2FA2860C305000D4868 /* BadgeSymbol.swift */; };
		A479D2FD2860C66E000D4868 /* RotatedBadgeSymbol.swift in Sources */ = {isa = PBXBuildFile; fileRef = A479D2FC2860C66E000D4868 /* RotatedBadgeSymbol.swift */; };
		A479D2FF2860C734000D4868 /* Badge.swift in Sources */ = {isa = PBXBuildFile; fileRef = A479D2FE2860C734000D4868 /* Badge.swift */; };
		A479D3022862A16A000D4868 /* hikeData.json in Resources */ = {isa = PBXBuildFile; fileRef = A479D3012862A16A000D4868 /* hikeData.json */; };
		A479D3042862A19E000D4868 /* Hike.swift in Sources */ = {isa = PBXBuildFile; fileRef = A479D3032862A19E000D4868 /* Hike.swift */; };
		A479D30A2862A357000D4868 /* HikeView.swift in Sources */ = {isa = PBXBuildFile; fileRef = A479D3062862A357000D4868 /* HikeView.swift */; };
		A479D30B2862A357000D4868 /* GraphCapsule.swift in Sources */ = {isa = PBXBuildFile; fileRef = A479D3072862A357000D4868 /* GraphCapsule.swift */; };
		A479D30C2862A357000D4868 /* HikeDetail.swift in Sources */ = {isa = PBXBuildFile; fileRef = A479D3082862A357000D4868 /* HikeDetail.swift */; };
		A479D30D2862A357000D4868 /* HikeGraph.swift in Sources */ = {isa = PBXBuildFile; fileRef = A479D3092862A357000D4868 /* HikeGraph.swift */; };
		A479D3102862AF0B000D4868 /* CategoryHome.swift in Sources */ = {isa = PBXBuildFile; fileRef = A479D30F2862AF0B000D4868 /* CategoryHome.swift */; };
		A479D3122862B1D6000D4868 /* CategoryRow.swift in Sources */ = {isa = PBXBuildFile; fileRef = A479D3112862B1D6000D4868 /* CategoryRow.swift */; };
		A479D3142862B3F3000D4868 /* CategoryItem.swift in Sources */ = {isa = PBXBuildFile; fileRef = A479D3132862B3F3000D4868 /* CategoryItem.swift */; };
		A479D3162863FB3E000D4868 /* Profile.swift in Sources */ = {isa = PBXBuildFile; fileRef = A479D3152863FB3E000D4868 /* Profile.swift */; };
		A479D3192864AF61000D4868 /* ProfileHost.swift in Sources */ = {isa = PBXBuildFile; fileRef = A479D3182864AF61000D4868 /* ProfileHost.swift */; };
		A479D31B2864AFE3000D4868 /* ProfileSummary.swift in Sources */ = {isa = PBXBuildFile; fileRef = A479D31A2864AFE3000D4868 /* ProfileSummary.swift */; };
		A479D31D2864B268000D4868 /* HikeBadge.swift in Sources */ = {isa = PBXBuildFile; fileRef = A479D31C2864B268000D4868 /* HikeBadge.swift */; };
		A479D31F2864C214000D4868 /* ProfileEditor.swift in Sources */ = {isa = PBXBuildFile; fileRef = A479D31E2864C214000D4868 /* ProfileEditor.swift */; };
		A4A9D27F285EC0B400D71E1E /* Landmark.swift in Sources */ = {isa = PBXBuildFile; fileRef = A4A9D27E285EC0B400D71E1E /* Landmark.swift */; };
		A4A9D281285EC28100D71E1E /* ModelData.swift in Sources */ = {isa = PBXBuildFile; fileRef = A4A9D280285EC28100D71E1E /* ModelData.swift */; };
		A4A9D287285EC4DF00D71E1E /* landmarkData.json in Resources */ = {isa = PBXBuildFile; fileRef = A4A9D286285EC4DF00D71E1E /* landmarkData.json */; };
		A4A9D289285EC51600D71E1E /* LandmarkRow.swift in Sources */ = {isa = PBXBuildFile; fileRef = A4A9D288285EC51600D71E1E /* LandmarkRow.swift */; };
		A4A9D28B285EC75B00D71E1E /* LandmarkList.swift in Sources */ = {isa = PBXBuildFile; fileRef = A4A9D28A285EC75B00D71E1E /* LandmarkList.swift */; };
		A4A9D28D285EC8A500D71E1E /* LandmarkDetail.swift in Sources */ = {isa = PBXBuildFile; fileRef = A4A9D28C285EC8A500D71E1E /* LandmarkDetail.swift */; };
		A4AF052128600FEC00E6E955 /* FavoriteButton.swift in Sources */ = {isa = PBXBuildFile; fileRef = A4AF052028600FEC00E6E955 /* FavoriteButton.swift */; };
/* End PBXBuildFile section */

/* Begin PBXContainerItemProxy section */
		A478BBDE285E691F00E43F45 /* PBXContainerItemProxy */ = {
			isa = PBXContainerItemProxy;
			containerPortal = A478BBC5285E691F00E43F45 /* Project object */;
			proxyType = 1;
			remoteGlobalIDString = A478BBCC285E691F00E43F45;
			remoteInfo = Landmarks;
		};
		A478BBE8285E692000E43F45 /* PBXContainerItemProxy */ = {
			isa = PBXContainerItemProxy;
			containerPortal = A478BBC5285E691F00E43F45 /* Project object */;
			proxyType = 1;
			remoteGlobalIDString = A478BBCC285E691F00E43F45;
			remoteInfo = Landmarks;
		};
/* End PBXContainerItemProxy section */

/* Begin PBXFileReference section */
		A478BBCD285E691F00E43F45 /* Landmarks.app */ = {isa = PBXFileReference; explicitFileType = wrapper.application; includeInIndex = 0; path = Landmarks.app; sourceTree = BUILT_PRODUCTS_DIR; };
		A478BBD0285E691F00E43F45 /* LandmarksApp.swift */ = {isa = PBXFileReference; lastKnownFileType = sourcecode.swift; path = LandmarksApp.swift; sourceTree = "<group>"; };
		A478BBD2285E691F00E43F45 /* ContentView.swift */ = {isa = PBXFileReference; lastKnownFileType = sourcecode.swift; path = ContentView.swift; sourceTree = "<group>"; };
		A478BBD4285E691F00E43F45 /* Assets.xcassets */ = {isa = PBXFileReference; lastKnownFileType = folder.assetcatalog; path = Assets.xcassets; sourceTree = "<group>"; };
		A478BBD7285E691F00E43F45 /* Preview Assets.xcassets */ = {isa = PBXFileReference; lastKnownFileType = folder.assetcatalog; path = "Preview Assets.xcassets"; sourceTree = "<group>"; };
		A478BBDD285E691F00E43F45 /* LandmarksTests.xctest */ = {isa = PBXFileReference; explicitFileType = wrapper.cfbundle; includeInIndex = 0; path = LandmarksTests.xctest; sourceTree = BUILT_PRODUCTS_DIR; };
		A478BBE1285E691F00E43F45 /* LandmarksTests.swift */ = {isa = PBXFileReference; lastKnownFileType = sourcecode.swift; path = LandmarksTests.swift; sourceTree = "<group>"; };
		A478BBE7285E692000E43F45 /* LandmarksUITests.xctest */ = {isa = PBXFileReference; explicitFileType = wrapper.cfbundle; includeInIndex = 0; path = LandmarksUITests.xctest; sourceTree = BUILT_PRODUCTS_DIR; };
		A478BBEB285E692000E43F45 /* LandmarksUITests.swift */ = {isa = PBXFileReference; lastKnownFileType = sourcecode.swift; path = LandmarksUITests.swift; sourceTree = "<group>"; };
		A478BBED285E692000E43F45 /* LandmarksUITestsLaunchTests.swift */ = {isa = PBXFileReference; lastKnownFileType = sourcecode.swift; path = LandmarksUITestsLaunchTests.swift; sourceTree = "<group>"; };
		A478BBFA285E724A00E43F45 /* CircleImage.swift */ = {isa = PBXFileReference; lastKnownFileType = sourcecode.swift; path = CircleImage.swift; sourceTree = "<group>"; };
		A478BBFC285E740900E43F45 /* MapView.swift */ = {isa = PBXFileReference; lastKnownFileType = sourcecode.swift; path = MapView.swift; sourceTree = "<group>"; };
		A479D2F62860BB6A000D4868 /* HexagonParameters.swift */ = {isa = PBXFileReference; lastKnownFileType = sourcecode.swift; path = HexagonParameters.swift; sourceTree = "<group>"; };
		A479D2F82860BDA5000D4868 /* BadgeBackground.swift */ = {isa = PBXFileReference; lastKnownFileType = sourcecode.swift; path = BadgeBackground.swift; sourceTree = "<group>"; };
		A479D2FA2860C305000D4868 /* BadgeSymbol.swift */ = {isa = PBXFileReference; lastKnownFileType = sourcecode.swift; path = BadgeSymbol.swift; sourceTree = "<group>"; };
		A479D2FC2860C66E000D4868 /* RotatedBadgeSymbol.swift */ = {isa = PBXFileReference; lastKnownFileType = sourcecode.swift; path = RotatedBadgeSymbol.swift; sourceTree = "<group>"; };
		A479D2FE2860C734000D4868 /* Badge.swift */ = {isa = PBXFileReference; lastKnownFileType = sourcecode.swift; path = Badge.swift; sourceTree = "<group>"; };
		A479D3012862A16A000D4868 /* hikeData.json */ = {isa = PBXFileReference; fileEncoding = 4; lastKnownFileType = text.json; path = hikeData.json; sourceTree = "<group>"; };
		A479D3032862A19E000D4868 /* Hike.swift */ = {isa = PBXFileReference; lastKnownFileType = sourcecode.swift; path = Hike.swift; sourceTree = "<group>"; };
		A479D3062862A357000D4868 /* HikeView.swift */ = {isa = PBXFileReference; fileEncoding = 4; lastKnownFileType = sourcecode.swift; path = HikeView.swift; sourceTree = "<group>"; };
		A479D3072862A357000D4868 /* GraphCapsule.swift */ = {isa = PBXFileReference; fileEncoding = 4; lastKnownFileType = sourcecode.swift; path = GraphCapsule.swift; sourceTree = "<group>"; };
		A479D3082862A357000D4868 /* HikeDetail.swift */ = {isa = PBXFileReference; fileEncoding = 4; lastKnownFileType = sourcecode.swift; path = HikeDetail.swift; sourceTree = "<group>"; };
		A479D3092862A357000D4868 /* HikeGraph.swift */ = {isa = PBXFileReference; fileEncoding = 4; lastKnownFileType = sourcecode.swift; path = HikeGraph.swift; sourceTree = "<group>"; };
		A479D30F2862AF0B000D4868 /* CategoryHome.swift */ = {isa = PBXFileReference; lastKnownFileType = sourcecode.swift; path = CategoryHome.swift; sourceTree = "<group>"; };
		A479D3112862B1D6000D4868 /* CategoryRow.swift */ = {isa = PBXFileReference; lastKnownFileType = sourcecode.swift; path = CategoryRow.swift; sourceTree = "<group>"; };
		A479D3132862B3F3000D4868 /* CategoryItem.swift */ = {isa = PBXFileReference; lastKnownFileType = sourcecode.swift; path = CategoryItem.swift; sourceTree = "<group>"; };
		A479D3152863FB3E000D4868 /* Profile.swift */ = {isa = PBXFileReference; lastKnownFileType = sourcecode.swift; path = Profile.swift; sourceTree = "<group>"; };
		A479D3182864AF61000D4868 /* ProfileHost.swift */ = {isa = PBXFileReference; lastKnownFileType = sourcecode.swift; path = ProfileHost.swift; sourceTree = "<group>"; };
		A479D31A2864AFE3000D4868 /* ProfileSummary.swift */ = {isa = PBXFileReference; lastKnownFileType = sourcecode.swift; path = ProfileSummary.swift; sourceTree = "<group>"; };
		A479D31C2864B268000D4868 /* HikeBadge.swift */ = {isa = PBXFileReference; lastKnownFileType = sourcecode.swift; path = HikeBadge.swift; sourceTree = "<group>"; };
		A479D31E2864C214000D4868 /* ProfileEditor.swift */ = {isa = PBXFileReference; lastKnownFileType = sourcecode.swift; path = ProfileEditor.swift; sourceTree = "<group>"; };
		A4A9D27E285EC0B400D71E1E /* Landmark.swift */ = {isa = PBXFileReference; lastKnownFileType = sourcecode.swift; path = Landmark.swift; sourceTree = "<group>"; };
		A4A9D280285EC28100D71E1E /* ModelData.swift */ = {isa = PBXFileReference; lastKnownFileType = sourcecode.swift; path = ModelData.swift; sourceTree = "<group>"; };
		A4A9D286285EC4DF00D71E1E /* landmarkData.json */ = {isa = PBXFileReference; fileEncoding = 4; lastKnownFileType = text.json; path = landmarkData.json; sourceTree = "<group>"; };
		A4A9D288285EC51600D71E1E /* LandmarkRow.swift */ = {isa = PBXFileReference; lastKnownFileType = sourcecode.swift; path = LandmarkRow.swift; sourceTree = "<group>"; };
		A4A9D28A285EC75B00D71E1E /* LandmarkList.swift */ = {isa = PBXFileReference; lastKnownFileType = sourcecode.swift; path = LandmarkList.swift; sourceTree = "<group>"; };
		A4A9D28C285EC8A500D71E1E /* LandmarkDetail.swift */ = {isa = PBXFileReference; lastKnownFileType = sourcecode.swift; path = LandmarkDetail.swift; sourceTree = "<group>"; };
		A4AF052028600FEC00E6E955 /* FavoriteButton.swift */ = {isa = PBXFileReference; lastKnownFileType = sourcecode.swift; path = FavoriteButton.swift; sourceTree = "<group>"; };
/* End PBXFileReference section */

/* Begin PBXFrameworksBuildPhase section */
		A478BBCA285E691F00E43F45 /* Frameworks */ = {
			isa = PBXFrameworksBuildPhase;
			buildActionMask = 2147483647;
			files = (
			);
			runOnlyForDeploymentPostprocessing = 0;
		};
		A478BBDA285E691F00E43F45 /* Frameworks */ = {
			isa = PBXFrameworksBuildPhase;
			buildActionMask = 2147483647;
			files = (
			);
			runOnlyForDeploymentPostprocessing = 0;
		};
		A478BBE4285E692000E43F45 /* Frameworks */ = {
			isa = PBXFrameworksBuildPhase;
			buildActionMask = 2147483647;
			files = (
			);
			runOnlyForDeploymentPostprocessing = 0;
		};
/* End PBXFrameworksBuildPhase section */

/* Begin PBXGroup section */
		A478BBC4285E691F00E43F45 = {
			isa = PBXGroup;
			children = (
				A478BBCF285E691F00E43F45 /* Landmarks */,
				A478BBE0285E691F00E43F45 /* LandmarksTests */,
				A478BBEA285E692000E43F45 /* LandmarksUITests */,
				A478BBCE285E691F00E43F45 /* Products */,
			);
			sourceTree = "<group>";
		};
		A478BBCE285E691F00E43F45 /* Products */ = {
			isa = PBXGroup;
			children = (
				A478BBCD285E691F00E43F45 /* Landmarks.app */,
				A478BBDD285E691F00E43F45 /* LandmarksTests.xctest */,
				A478BBE7285E692000E43F45 /* LandmarksUITests.xctest */,
			);
			name = Products;
			sourceTree = "<group>";
		};
		A478BBCF285E691F00E43F45 /* Landmarks */ = {
			isa = PBXGroup;
			children = (
				A4A9D285285EC4A400D71E1E /* Resources */,
				A4A9D284285EC43100D71E1E /* Model */,
				A4A9D282285EC40C00D71E1E /* Views */,
				A478BBD0285E691F00E43F45 /* LandmarksApp.swift */,
				A478BBD4285E691F00E43F45 /* Assets.xcassets */,
				A478BBD6285E691F00E43F45 /* Preview Content */,
			);
			path = Landmarks;
			sourceTree = "<group>";
		};
		A478BBD6285E691F00E43F45 /* Preview Content */ = {
			isa = PBXGroup;
			children = (
				A478BBD7285E691F00E43F45 /* Preview Assets.xcassets */,
			);
			path = "Preview Content";
			sourceTree = "<group>";
		};
		A478BBE0285E691F00E43F45 /* LandmarksTests */ = {
			isa = PBXGroup;
			children = (
				A478BBE1285E691F00E43F45 /* LandmarksTests.swift */,
			);
			path = LandmarksTests;
			sourceTree = "<group>";
		};
		A478BBEA285E692000E43F45 /* LandmarksUITests */ = {
			isa = PBXGroup;
			children = (
				A478BBEB285E692000E43F45 /* LandmarksUITests.swift */,
				A478BBED285E692000E43F45 /* LandmarksUITestsLaunchTests.swift */,
			);
			path = LandmarksUITests;
			sourceTree = "<group>";
		};
		A479D3002860C924000D4868 /* Badges */ = {
			isa = PBXGroup;
			children = (
				A479D2FA2860C305000D4868 /* BadgeSymbol.swift */,
				A479D2FC2860C66E000D4868 /* RotatedBadgeSymbol.swift */,
				A479D2F62860BB6A000D4868 /* HexagonParameters.swift */,
				A479D2F82860BDA5000D4868 /* BadgeBackground.swift */,
				A479D2FE2860C734000D4868 /* Badge.swift */,
			);
			path = Badges;
			sourceTree = "<group>";
		};
		A479D3052862A31A000D4868 /* Hikes */ = {
			isa = PBXGroup;
			children = (
				A479D3072862A357000D4868 /* GraphCapsule.swift */,
				A479D3082862A357000D4868 /* HikeDetail.swift */,
				A479D3092862A357000D4868 /* HikeGraph.swift */,
				A479D3062862A357000D4868 /* HikeView.swift */,
			);
			path = Hikes;
			sourceTree = "<group>";
		};
		A479D30E2862AEE2000D4868 /* Categories */ = {
			isa = PBXGroup;
			children = (
				A479D30F2862AF0B000D4868 /* CategoryHome.swift */,
				A479D3112862B1D6000D4868 /* CategoryRow.swift */,
				A479D3132862B3F3000D4868 /* CategoryItem.swift */,
			);
			path = Categories;
			sourceTree = "<group>";
		};
		A479D3172864AF2D000D4868 /* Profiles */ = {
			isa = PBXGroup;
			children = (
				A479D3182864AF61000D4868 /* ProfileHost.swift */,
				A479D31A2864AFE3000D4868 /* ProfileSummary.swift */,
				A479D31C2864B268000D4868 /* HikeBadge.swift */,
				A479D31E2864C214000D4868 /* ProfileEditor.swift */,
			);
			path = Profiles;
			sourceTree = "<group>";
		};
		A4A9D282285EC40C00D71E1E /* Views */ = {
			isa = PBXGroup;
			children = (
				A479D3172864AF2D000D4868 /* Profiles */,
				A479D30E2862AEE2000D4868 /* Categories */,
				A479D3052862A31A000D4868 /* Hikes */,
				A479D3002860C924000D4868 /* Badges */,
				A4AF05232860112600E6E955 /* Landmarks */,
				A4AF05222860110B00E6E955 /* Helpers */,
				A478BBD2285E691F00E43F45 /* ContentView.swift */,
			);
			path = Views;
			sourceTree = "<group>";
		};
		A4A9D284285EC43100D71E1E /* Model */ = {
			isa = PBXGroup;
			children = (
				A4A9D27E285EC0B400D71E1E /* Landmark.swift */,
				A4A9D280285EC28100D71E1E /* ModelData.swift */,
				A479D3032862A19E000D4868 /* Hike.swift */,
				A479D3152863FB3E000D4868 /* Profile.swift */,
			);
			path = Model;
			sourceTree = "<group>";
		};
		A4A9D285285EC4A400D71E1E /* Resources */ = {
			isa = PBXGroup;
			children = (
				A479D3012862A16A000D4868 /* hikeData.json */,
				A4A9D286285EC4DF00D71E1E /* landmarkData.json */,
			);
			path = Resources;
			sourceTree = "<group>";
		};
		A4AF05222860110B00E6E955 /* Helpers */ = {
			isa = PBXGroup;
			children = (
				A478BBFA285E724A00E43F45 /* CircleImage.swift */,
				A4AF052028600FEC00E6E955 /* FavoriteButton.swift */,
				A478BBFC285E740900E43F45 /* MapView.swift */,
			);
			path = Helpers;
			sourceTree = "<group>";
		};
		A4AF05232860112600E6E955 /* Landmarks */ = {
			isa = PBXGroup;
			children = (
				A4A9D28C285EC8A500D71E1E /* LandmarkDetail.swift */,
				A4A9D288285EC51600D71E1E /* LandmarkRow.swift */,
				A4A9D28A285EC75B00D71E1E /* LandmarkList.swift */,
			);
			path = Landmarks;
			sourceTree = "<group>";
		};
/* End PBXGroup section */

/* Begin PBXNativeTarget section */
		A478BBCC285E691F00E43F45 /* Landmarks */ = {
			isa = PBXNativeTarget;
			buildConfigurationList = A478BBF1285E692000E43F45 /* Build configuration list for PBXNativeTarget "Landmarks" */;
			buildPhases = (
				A478BBC9285E691F00E43F45 /* Sources */,
				A478BBCA285E691F00E43F45 /* Frameworks */,
				A478BBCB285E691F00E43F45 /* Resources */,
			);
			buildRules = (
			);
			dependencies = (
			);
			name = Landmarks;
			productName = Landmarks;
			productReference = A478BBCD285E691F00E43F45 /* Landmarks.app */;
			productType = "com.apple.product-type.application";
		};
		A478BBDC285E691F00E43F45 /* LandmarksTests */ = {
			isa = PBXNativeTarget;
			buildConfigurationList = A478BBF4285E692000E43F45 /* Build configuration list for PBXNativeTarget "LandmarksTests" */;
			buildPhases = (
				A478BBD9285E691F00E43F45 /* Sources */,
				A478BBDA285E691F00E43F45 /* Frameworks */,
				A478BBDB285E691F00E43F45 /* Resources */,
			);
			buildRules = (
			);
			dependencies = (
				A478BBDF285E691F00E43F45 /* PBXTargetDependency */,
			);
			name = LandmarksTests;
			productName = LandmarksTests;
			productReference = A478BBDD285E691F00E43F45 /* LandmarksTests.xctest */;
			productType = "com.apple.product-type.bundle.unit-test";
		};
		A478BBE6285E692000E43F45 /* LandmarksUITests */ = {
			isa = PBXNativeTarget;
			buildConfigurationList = A478BBF7285E692000E43F45 /* Build configuration list for PBXNativeTarget "LandmarksUITests" */;
			buildPhases = (
				A478BBE3285E692000E43F45 /* Sources */,
				A478BBE4285E692000E43F45 /* Frameworks */,
				A478BBE5285E692000E43F45 /* Resources */,
			);
			buildRules = (
			);
			dependencies = (
				A478BBE9285E692000E43F45 /* PBXTargetDependency */,
			);
			name = LandmarksUITests;
			productName = LandmarksUITests;
			productReference = A478BBE7285E692000E43F45 /* LandmarksUITests.xctest */;
			productType = "com.apple.product-type.bundle.ui-testing";
		};
/* End PBXNativeTarget section */

/* Begin PBXProject section */
		A478BBC5285E691F00E43F45 /* Project object */ = {
			isa = PBXProject;
			attributes = {
				BuildIndependentTargetsInParallel = 1;
				LastSwiftUpdateCheck = 1340;
				LastUpgradeCheck = 1340;
				TargetAttributes = {
					A478BBCC285E691F00E43F45 = {
						CreatedOnToolsVersion = 13.4.1;
					};
					A478BBDC285E691F00E43F45 = {
						CreatedOnToolsVersion = 13.4.1;
						TestTargetID = A478BBCC285E691F00E43F45;
					};
					A478BBE6285E692000E43F45 = {
						CreatedOnToolsVersion = 13.4.1;
						TestTargetID = A478BBCC285E691F00E43F45;
					};
				};
			};
			buildConfigurationList = A478BBC8285E691F00E43F45 /* Build configuration list for PBXProject "Landmarks" */;
			compatibilityVersion = "Xcode 13.0";
			developmentRegion = en;
			hasScannedForEncodings = 0;
			knownRegions = (
				en,
				Base,
			);
			mainGroup = A478BBC4285E691F00E43F45;
			productRefGroup = A478BBCE285E691F00E43F45 /* Products */;
			projectDirPath = "";
			projectRoot = "";
			targets = (
				A478BBCC285E691F00E43F45 /* Landmarks */,
				A478BBDC285E691F00E43F45 /* LandmarksTests */,
				A478BBE6285E692000E43F45 /* LandmarksUITests */,
			);
		};
/* End PBXProject section */

/* Begin PBXResourcesBuildPhase section */
		A478BBCB285E691F00E43F45 /* Resources */ = {
			isa = PBXResourcesBuildPhase;
			buildActionMask = 2147483647;
			files = (
				A479D3022862A16A000D4868 /* hikeData.json in Resources */,
				A478BBD8285E691F00E43F45 /* Preview Assets.xcassets in Resources */,
				A478BBD5285E691F00E43F45 /* Assets.xcassets in Resources */,
				A4A9D287285EC4DF00D71E1E /* landmarkData.json in Resources */,
			);
			runOnlyForDeploymentPostprocessing = 0;
		};
		A478BBDB285E691F00E43F45 /* Resources */ = {
			isa = PBXResourcesBuildPhase;
			buildActionMask = 2147483647;
			files = (
			);
			runOnlyForDeploymentPostprocessing = 0;
		};
		A478BBE5285E692000E43F45 /* Resources */ = {
			isa = PBXResourcesBuildPhase;
			buildActionMask = 2147483647;
			files = (
			);
			runOnlyForDeploymentPostprocessing = 0;
		};
/* End PBXResourcesBuildPhase section */

/* Begin PBXSourcesBuildPhase section */
		A478BBC9285E691F00E43F45 /* Sources */ = {
			isa = PBXSourcesBuildPhase;
			buildActionMask = 2147483647;
			files = (
				A479D3122862B1D6000D4868 /* CategoryRow.swift in Sources */,
				A479D3162863FB3E000D4868 /* Profile.swift in Sources */,
				A478BBD3285E691F00E43F45 /* ContentView.swift in Sources */,
				A479D3102862AF0B000D4868 /* CategoryHome.swift in Sources */,
				A479D2FF2860C734000D4868 /* Badge.swift in Sources */,
				A4A9D281285EC28100D71E1E /* ModelData.swift in Sources */,
				A478BBFD285E740900E43F45 /* MapView.swift in Sources */,
				A4AF052128600FEC00E6E955 /* FavoriteButton.swift in Sources */,
				A479D30A2862A357000D4868 /* HikeView.swift in Sources */,
				A479D2F72860BB6A000D4868 /* HexagonParameters.swift in Sources */,
				A479D3142862B3F3000D4868 /* CategoryItem.swift in Sources */,
				A479D30C2862A357000D4868 /* HikeDetail.swift in Sources */,
				A479D31B2864AFE3000D4868 /* ProfileSummary.swift in Sources */,
				A479D3042862A19E000D4868 /* Hike.swift in Sources */,
				A479D3192864AF61000D4868 /* ProfileHost.swift in Sources */,
				A479D2FD2860C66E000D4868 /* RotatedBadgeSymbol.swift in Sources */,
				A479D2FB2860C305000D4868 /* BadgeSymbol.swift in Sources */,
				A4A9D28B285EC75B00D71E1E /* LandmarkList.swift in Sources */,
				A479D31F2864C214000D4868 /* ProfileEditor.swift in Sources */,
				A4A9D28D285EC8A500D71E1E /* LandmarkDetail.swift in Sources */,
				A479D30D2862A357000D4868 /* HikeGraph.swift in Sources */,
				A479D2F92860BDA5000D4868 /* BadgeBackground.swift in Sources */,
				A478BBD1285E691F00E43F45 /* LandmarksApp.swift in Sources */,
				A479D31D2864B268000D4868 /* HikeBadge.swift in Sources */,
				A479D30B2862A357000D4868 /* GraphCapsule.swift in Sources */,
				A478BBFB285E724A00E43F45 /* CircleImage.swift in Sources */,
				A4A9D289285EC51600D71E1E /* LandmarkRow.swift in Sources */,
				A4A9D27F285EC0B400D71E1E /* Landmark.swift in Sources */,
			);
			runOnlyForDeploymentPostprocessing = 0;
		};
		A478BBD9285E691F00E43F45 /* Sources */ = {
			isa = PBXSourcesBuildPhase;
			buildActionMask = 2147483647;
			files = (
				A478BBE2285E691F00E43F45 /* LandmarksTests.swift in Sources */,
			);
			runOnlyForDeploymentPostprocessing = 0;
		};
		A478BBE3285E692000E43F45 /* Sources */ = {
			isa = PBXSourcesBuildPhase;
			buildActionMask = 2147483647;
			files = (
				A478BBEE285E692000E43F45 /* LandmarksUITestsLaunchTests.swift in Sources */,
				A478BBEC285E692000E43F45 /* LandmarksUITests.swift in Sources */,
			);
			runOnlyForDeploymentPostprocessing = 0;
		};
/* End PBXSourcesBuildPhase section */

/* Begin PBXTargetDependency section */
		A478BBDF285E691F00E43F45 /* PBXTargetDependency */ = {
			isa = PBXTargetDependency;
			target = A478BBCC285E691F00E43F45 /* Landmarks */;
			targetProxy = A478BBDE285E691F00E43F45 /* PBXContainerItemProxy */;
		};
		A478BBE9285E692000E43F45 /* PBXTargetDependency */ = {
			isa = PBXTargetDependency;
			target = A478BBCC285E691F00E43F45 /* Landmarks */;
			targetProxy = A478BBE8285E692000E43F45 /* PBXContainerItemProxy */;
		};
/* End PBXTargetDependency section */

/* Begin XCBuildConfiguration section */
		A478BBEF285E692000E43F45 /* Debug */ = {
			isa = XCBuildConfiguration;
			buildSettings = {
				ALWAYS_SEARCH_USER_PATHS = NO;
				CLANG_ANALYZER_NONNULL = YES;
				CLANG_ANALYZER_NUMBER_OBJECT_CONVERSION = YES_AGGRESSIVE;
				CLANG_CXX_LANGUAGE_STANDARD = "gnu++17";
				CLANG_ENABLE_MODULES = YES;
				CLANG_ENABLE_OBJC_ARC = YES;
				CLANG_ENABLE_OBJC_WEAK = YES;
				CLANG_WARN_BLOCK_CAPTURE_AUTORELEASING = YES;
				CLANG_WARN_BOOL_CONVERSION = YES;
				CLANG_WARN_COMMA = YES;
				CLANG_WARN_CONSTANT_CONVERSION = YES;
				CLANG_WARN_DEPRECATED_OBJC_IMPLEMENTATIONS = YES;
				CLANG_WARN_DIRECT_OBJC_ISA_USAGE = YES_ERROR;
				CLANG_WARN_DOCUMENTATION_COMMENTS = YES;
				CLANG_WARN_EMPTY_BODY = YES;
				CLANG_WARN_ENUM_CONVERSION = YES;
				CLANG_WARN_INFINITE_RECURSION = YES;
				CLANG_WARN_INT_CONVERSION = YES;
				CLANG_WARN_NON_LITERAL_NULL_CONVERSION = YES;
				CLANG_WARN_OBJC_IMPLICIT_RETAIN_SELF = YES;
				CLANG_WARN_OBJC_LITERAL_CONVERSION = YES;
				CLANG_WARN_OBJC_ROOT_CLASS = YES_ERROR;
				CLANG_WARN_QUOTED_INCLUDE_IN_FRAMEWORK_HEADER = YES;
				CLANG_WARN_RANGE_LOOP_ANALYSIS = YES;
				CLANG_WARN_STRICT_PROTOTYPES = YES;
				CLANG_WARN_SUSPICIOUS_MOVE = YES;
				CLANG_WARN_UNGUARDED_AVAILABILITY = YES_AGGRESSIVE;
				CLANG_WARN_UNREACHABLE_CODE = YES;
				CLANG_WARN__DUPLICATE_METHOD_MATCH = YES;
				COPY_PHASE_STRIP = NO;
				DEBUG_INFORMATION_FORMAT = dwarf;
				ENABLE_STRICT_OBJC_MSGSEND = YES;
				ENABLE_TESTABILITY = YES;
				GCC_C_LANGUAGE_STANDARD = gnu11;
				GCC_DYNAMIC_NO_PIC = NO;
				GCC_NO_COMMON_BLOCKS = YES;
				GCC_OPTIMIZATION_LEVEL = 0;
				GCC_PREPROCESSOR_DEFINITIONS = (
					"DEBUG=1",
					"$(inherited)",
				);
				GCC_WARN_64_TO_32_BIT_CONVERSION = YES;
				GCC_WARN_ABOUT_RETURN_TYPE = YES_ERROR;
				GCC_WARN_UNDECLARED_SELECTOR = YES;
				GCC_WARN_UNINITIALIZED_AUTOS = YES_AGGRESSIVE;
				GCC_WARN_UNUSED_FUNCTION = YES;
				GCC_WARN_UNUSED_VARIABLE = YES;
				IPHONEOS_DEPLOYMENT_TARGET = 15.5;
				MTL_ENABLE_DEBUG_INFO = INCLUDE_SOURCE;
				MTL_FAST_MATH = YES;
				ONLY_ACTIVE_ARCH = YES;
				SDKROOT = iphoneos;
				SWIFT_ACTIVE_COMPILATION_CONDITIONS = DEBUG;
				SWIFT_OPTIMIZATION_LEVEL = "-Onone";
			};
			name = Debug;
		};
		A478BBF0285E692000E43F45 /* Release */ = {
			isa = XCBuildConfiguration;
			buildSettings = {
				ALWAYS_SEARCH_USER_PATHS = NO;
				CLANG_ANALYZER_NONNULL = YES;
				CLANG_ANALYZER_NUMBER_OBJECT_CONVERSION = YES_AGGRESSIVE;
				CLANG_CXX_LANGUAGE_STANDARD = "gnu++17";
				CLANG_ENABLE_MODULES = YES;
				CLANG_ENABLE_OBJC_ARC = YES;
				CLANG_ENABLE_OBJC_WEAK = YES;
				CLANG_WARN_BLOCK_CAPTURE_AUTORELEASING = YES;
				CLANG_WARN_BOOL_CONVERSION = YES;
				CLANG_WARN_COMMA = YES;
				CLANG_WARN_CONSTANT_CONVERSION = YES;
				CLANG_WARN_DEPRECATED_OBJC_IMPLEMENTATIONS = YES;
				CLANG_WARN_DIRECT_OBJC_ISA_USAGE = YES_ERROR;
				CLANG_WARN_DOCUMENTATION_COMMENTS = YES;
				CLANG_WARN_EMPTY_BODY = YES;
				CLANG_WARN_ENUM_CONVERSION = YES;
				CLANG_WARN_INFINITE_RECURSION = YES;
				CLANG_WARN_INT_CONVERSION = YES;
				CLANG_WARN_NON_LITERAL_NULL_CONVERSION = YES;
				CLANG_WARN_OBJC_IMPLICIT_RETAIN_SELF = YES;
				CLANG_WARN_OBJC_LITERAL_CONVERSION = YES;
				CLANG_WARN_OBJC_ROOT_CLASS = YES_ERROR;
				CLANG_WARN_QUOTED_INCLUDE_IN_FRAMEWORK_HEADER = YES;
				CLANG_WARN_RANGE_LOOP_ANALYSIS = YES;
				CLANG_WARN_STRICT_PROTOTYPES = YES;
				CLANG_WARN_SUSPICIOUS_MOVE = YES;
				CLANG_WARN_UNGUARDED_AVAILABILITY = YES_AGGRESSIVE;
				CLANG_WARN_UNREACHABLE_CODE = YES;
				CLANG_WARN__DUPLICATE_METHOD_MATCH = YES;
				COPY_PHASE_STRIP = NO;
				DEBUG_INFORMATION_FORMAT = "dwarf-with-dsym";
				ENABLE_NS_ASSERTIONS = NO;
				ENABLE_STRICT_OBJC_MSGSEND = YES;
				GCC_C_LANGUAGE_STANDARD = gnu11;
				GCC_NO_COMMON_BLOCKS = YES;
				GCC_WARN_64_TO_32_BIT_CONVERSION = YES;
				GCC_WARN_ABOUT_RETURN_TYPE = YES_ERROR;
				GCC_WARN_UNDECLARED_SELECTOR = YES;
				GCC_WARN_UNINITIALIZED_AUTOS = YES_AGGRESSIVE;
				GCC_WARN_UNUSED_FUNCTION = YES;
				GCC_WARN_UNUSED_VARIABLE = YES;
				IPHONEOS_DEPLOYMENT_TARGET = 15.5;
				MTL_ENABLE_DEBUG_INFO = NO;
				MTL_FAST_MATH = YES;
				SDKROOT = iphoneos;
				SWIFT_COMPILATION_MODE = wholemodule;
				SWIFT_OPTIMIZATION_LEVEL = "-O";
				VALIDATE_PRODUCT = YES;
			};
			name = Release;
		};
		A478BBF2285E692000E43F45 /* Debug */ = {
			isa = XCBuildConfiguration;
			buildSettings = {
				ASSETCATALOG_COMPILER_APPICON_NAME = AppIcon;
				ASSETCATALOG_COMPILER_GLOBAL_ACCENT_COLOR_NAME = AccentColor;
				CODE_SIGN_STYLE = Automatic;
				CURRENT_PROJECT_VERSION = 1;
				DEVELOPMENT_ASSET_PATHS = "\"Landmarks/Preview Content\"";
				DEVELOPMENT_TEAM = SQ63867439;
				ENABLE_PREVIEWS = YES;
				GENERATE_INFOPLIST_FILE = YES;
				INFOPLIST_KEY_UIApplicationSceneManifest_Generation = YES;
				INFOPLIST_KEY_UIApplicationSupportsIndirectInputEvents = YES;
				INFOPLIST_KEY_UILaunchScreen_Generation = YES;
				INFOPLIST_KEY_UISupportedInterfaceOrientations_iPad = "UIInterfaceOrientationPortrait UIInterfaceOrientationPortraitUpsideDown UIInterfaceOrientationLandscapeLeft UIInterfaceOrientationLandscapeRight";
				INFOPLIST_KEY_UISupportedInterfaceOrientations_iPhone = "UIInterfaceOrientationPortrait UIInterfaceOrientationLandscapeLeft UIInterfaceOrientationLandscapeRight";
				LD_RUNPATH_SEARCH_PATHS = (
					"$(inherited)",
					"@executable_path/Frameworks",
				);
				MARKETING_VERSION = 1.0;
				PRODUCT_BUNDLE_IDENTIFIER = jnbri.Landmarks;
				PRODUCT_NAME = "$(TARGET_NAME)";
				SWIFT_EMIT_LOC_STRINGS = YES;
				SWIFT_VERSION = 5.0;
				TARGETED_DEVICE_FAMILY = "1,2";
			};
			name = Debug;
		};
		A478BBF3285E692000E43F45 /* Release */ = {
			isa = XCBuildConfiguration;
			buildSettings = {
				ASSETCATALOG_COMPILER_APPICON_NAME = AppIcon;
				ASSETCATALOG_COMPILER_GLOBAL_ACCENT_COLOR_NAME = AccentColor;
				CODE_SIGN_STYLE = Automatic;
				CURRENT_PROJECT_VERSION = 1;
				DEVELOPMENT_ASSET_PATHS = "\"Landmarks/Preview Content\"";
				DEVELOPMENT_TEAM = SQ63867439;
				ENABLE_PREVIEWS = YES;
				GENERATE_INFOPLIST_FILE = YES;
				INFOPLIST_KEY_UIApplicationSceneManifest_Generation = YES;
				INFOPLIST_KEY_UIApplicationSupportsIndirectInputEvents = YES;
				INFOPLIST_KEY_UILaunchScreen_Generation = YES;
				INFOPLIST_KEY_UISupportedInterfaceOrientations_iPad = "UIInterfaceOrientationPortrait UIInterfaceOrientationPortraitUpsideDown UIInterfaceOrientationLandscapeLeft UIInterfaceOrientationLandscapeRight";
				INFOPLIST_KEY_UISupportedInterfaceOrientations_iPhone = "UIInterfaceOrientationPortrait UIInterfaceOrientationLandscapeLeft UIInterfaceOrientationLandscapeRight";
				LD_RUNPATH_SEARCH_PATHS = (
					"$(inherited)",
					"@executable_path/Frameworks",
				);
				MARKETING_VERSION = 1.0;
				PRODUCT_BUNDLE_IDENTIFIER = jnbri.Landmarks;
				PRODUCT_NAME = "$(TARGET_NAME)";
				SWIFT_EMIT_LOC_STRINGS = YES;
				SWIFT_VERSION = 5.0;
				TARGETED_DEVICE_FAMILY = "1,2";
			};
			name = Release;
		};
		A478BBF5285E692000E43F45 /* Debug */ = {
			isa = XCBuildConfiguration;
			buildSettings = {
				ALWAYS_EMBED_SWIFT_STANDARD_LIBRARIES = YES;
				BUNDLE_LOADER = "$(TEST_HOST)";
				CODE_SIGN_STYLE = Automatic;
				CURRENT_PROJECT_VERSION = 1;
				DEVELOPMENT_TEAM = SQ63867439;
				GENERATE_INFOPLIST_FILE = YES;
				IPHONEOS_DEPLOYMENT_TARGET = 15.5;
				MARKETING_VERSION = 1.0;
				PRODUCT_BUNDLE_IDENTIFIER = jnbri.LandmarksTests;
				PRODUCT_NAME = "$(TARGET_NAME)";
				SWIFT_EMIT_LOC_STRINGS = NO;
				SWIFT_VERSION = 5.0;
				TARGETED_DEVICE_FAMILY = "1,2";
				TEST_HOST = "$(BUILT_PRODUCTS_DIR)/Landmarks.app/Landmarks";
			};
			name = Debug;
		};
		A478BBF6285E692000E43F45 /* Release */ = {
			isa = XCBuildConfiguration;
			buildSettings = {
				ALWAYS_EMBED_SWIFT_STANDARD_LIBRARIES = YES;
				BUNDLE_LOADER = "$(TEST_HOST)";
				CODE_SIGN_STYLE = Automatic;
				CURRENT_PROJECT_VERSION = 1;
				DEVELOPMENT_TEAM = SQ63867439;
				GENERATE_INFOPLIST_FILE = YES;
				IPHONEOS_DEPLOYMENT_TARGET = 15.5;
				MARKETING_VERSION = 1.0;
				PRODUCT_BUNDLE_IDENTIFIER = jnbri.LandmarksTests;
				PRODUCT_NAME = "$(TARGET_NAME)";
				SWIFT_EMIT_LOC_STRINGS = NO;
				SWIFT_VERSION = 5.0;
				TARGETED_DEVICE_FAMILY = "1,2";
				TEST_HOST = "$(BUILT_PRODUCTS_DIR)/Landmarks.app/Landmarks";
			};
			name = Release;
		};
		A478BBF8285E692000E43F45 /* Debug */ = {
			isa = XCBuildConfiguration;
			buildSettings = {
				ALWAYS_EMBED_SWIFT_STANDARD_LIBRARIES = YES;
				CODE_SIGN_STYLE = Automatic;
				CURRENT_PROJECT_VERSION = 1;
				DEVELOPMENT_TEAM = SQ63867439;
				GENERATE_INFOPLIST_FILE = YES;
				MARKETING_VERSION = 1.0;
				PRODUCT_BUNDLE_IDENTIFIER = jnbri.LandmarksUITests;
				PRODUCT_NAME = "$(TARGET_NAME)";
				SWIFT_EMIT_LOC_STRINGS = NO;
				SWIFT_VERSION = 5.0;
				TARGETED_DEVICE_FAMILY = "1,2";
				TEST_TARGET_NAME = Landmarks;
			};
			name = Debug;
		};
		A478BBF9285E692000E43F45 /* Release */ = {
			isa = XCBuildConfiguration;
			buildSettings = {
				ALWAYS_EMBED_SWIFT_STANDARD_LIBRARIES = YES;
				CODE_SIGN_STYLE = Automatic;
				CURRENT_PROJECT_VERSION = 1;
				DEVELOPMENT_TEAM = SQ63867439;
				GENERATE_INFOPLIST_FILE = YES;
				MARKETING_VERSION = 1.0;
				PRODUCT_BUNDLE_IDENTIFIER = jnbri.LandmarksUITests;
				PRODUCT_NAME = "$(TARGET_NAME)";
				SWIFT_EMIT_LOC_STRINGS = NO;
				SWIFT_VERSION = 5.0;
				TARGETED_DEVICE_FAMILY = "1,2";
				TEST_TARGET_NAME = Landmarks;
			};
			name = Release;
		};
/* End XCBuildConfiguration section */

/* Begin XCConfigurationList section */
		A478BBC8285E691F00E43F45 /* Build configuration list for PBXProject "Landmarks" */ = {
			isa = XCConfigurationList;
			buildConfigurations = (
				A478BBEF285E692000E43F45 /* Debug */,
				A478BBF0285E692000E43F45 /* Release */,
			);
			defaultConfigurationIsVisible = 0;
			defaultConfigurationName = Release;
		};
		A478BBF1285E692000E43F45 /* Build configuration list for PBXNativeTarget "Landmarks" */ = {
			isa = XCConfigurationList;
			buildConfigurations = (
				A478BBF2285E692000E43F45 /* Debug */,
				A478BBF3285E692000E43F45 /* Release */,
			);
			defaultConfigurationIsVisible = 0;
			defaultConfigurationName = Release;
		};
		A478BBF4285E692000E43F45 /* Build configuration list for PBXNativeTarget "LandmarksTests" */ = {
			isa = XCConfigurationList;
			buildConfigurations = (
				A478BBF5285E692000E43F45 /* Debug */,
				A478BBF6285E692000E43F45 /* Release */,
			);
			defaultConfigurationIsVisible = 0;
			defaultConfigurationName = Release;
		};
		A478BBF7285E692000E43F45 /* Build configuration list for PBXNativeTarget "LandmarksUITests" */ = {
			isa = XCConfigurationList;
			buildConfigurations = (
				A478BBF8285E692000E43F45 /* Debug */,
				A478BBF9285E692000E43F45 /* Release */,
			);
			defaultConfigurationIsVisible = 0;
			defaultConfigurationName = Release;
		};
/* End XCConfigurationList section */
	};
	rootObject = A478BBC5285E691F00E43F45 /* Project object */;
}
